// !$*UTF8*$!
{
	archiveVersion = 1;
	classes = {
	};
	objectVersion = 56;
	objects = {

/* Begin PBXBuildFile section */
		7A12B25F2C6B54C60006CB42 /* AppDelegate.swift in Sources */ = {isa = PBXBuildFile; fileRef = 7A12B25E2C6B54C60006CB42 /* AppDelegate.swift */; };
		7A12B2612C6B54C60006CB42 /* SceneDelegate.swift in Sources */ = {isa = PBXBuildFile; fileRef = 7A12B2602C6B54C60006CB42 /* SceneDelegate.swift */; };
		7A12B2632C6B54C60006CB42 /* AnasayfaViewController.swift in Sources */ = {isa = PBXBuildFile; fileRef = 7A12B2622C6B54C60006CB42 /* AnasayfaViewController.swift */; };
		7A12B2662C6B54C60006CB42 /* Main.storyboard in Resources */ = {isa = PBXBuildFile; fileRef = 7A12B2642C6B54C60006CB42 /* Main.storyboard */; };
		7A12B2682C6B54C70006CB42 /* Assets.xcassets in Resources */ = {isa = PBXBuildFile; fileRef = 7A12B2672C6B54C70006CB42 /* Assets.xcassets */; };
		7A12B26B2C6B54C70006CB42 /* LaunchScreen.storyboard in Resources */ = {isa = PBXBuildFile; fileRef = 7A12B2692C6B54C70006CB42 /* LaunchScreen.storyboard */; };
		7A12B27A2C6B812A0006CB42 /* Lottie in Frameworks */ = {isa = PBXBuildFile; productRef = 7A12B2792C6B812A0006CB42 /* Lottie */; };
		7A12B27C2C6B83C80006CB42 /* food.json in Resources */ = {isa = PBXBuildFile; fileRef = 7A12B27B2C6B83C80006CB42 /* food.json */; };
		7A12B27E2C6B9C5F0006CB42 /* DetayViewController.swift in Sources */ = {isa = PBXBuildFile; fileRef = 7A12B27D2C6B9C5F0006CB42 /* DetayViewController.swift */; };
		7A12B2802C6B9C870006CB42 /* SepetViewController.swift in Sources */ = {isa = PBXBuildFile; fileRef = 7A12B27F2C6B9C870006CB42 /* SepetViewController.swift */; };
		7A213B002C6C9E75009348E9 /* Yemekler.swift in Sources */ = {isa = PBXBuildFile; fileRef = 7A213AFF2C6C9E75009348E9 /* Yemekler.swift */; };
		7A5573472C6E996100DB408F /* SepeteHucre.swift in Sources */ = {isa = PBXBuildFile; fileRef = 7A5573462C6E996100DB408F /* SepeteHucre.swift */; };
		7A55734D2C6EACAC00DB408F /* kurye.json in Resources */ = {isa = PBXBuildFile; fileRef = 7A55734C2C6EACAC00DB408F /* kurye.json */; };
		7A60D2DD2C6F6F37003C868E /* DetayViewModel.swift in Sources */ = {isa = PBXBuildFile; fileRef = 7A60D2DC2C6F6F37003C868E /* DetayViewModel.swift */; };
		7AAFA09C2C6CA46100038B72 /* YemeklerHucre.swift in Sources */ = {isa = PBXBuildFile; fileRef = 7AAFA09B2C6CA46100038B72 /* YemeklerHucre.swift */; };
		7AAFA0A42C6CD0B000038B72 /* delivery.json in Resources */ = {isa = PBXBuildFile; fileRef = 7AAFA0A32C6CD0B000038B72 /* delivery.json */; };
		7AAFA0B32C6CD22A00038B72 /* RxSwift in Frameworks */ = {isa = PBXBuildFile; productRef = 7AAFA0B22C6CD22A00038B72 /* RxSwift */; };
		7AAFA0BC2C6CD2E400038B72 /* YemeklerDaoRepository.swift in Sources */ = {isa = PBXBuildFile; fileRef = 7AAFA0BB2C6CD2E400038B72 /* YemeklerDaoRepository.swift */; };
		7AAFA0BF2C6CD81B00038B72 /* AnasayfaViewModel.swift in Sources */ = {isa = PBXBuildFile; fileRef = 7AAFA0BE2C6CD81B00038B72 /* AnasayfaViewModel.swift */; };
		7AAFA0C22C6CDBEB00038B72 /* Kingfisher in Frameworks */ = {isa = PBXBuildFile; productRef = 7AAFA0C12C6CDBEB00038B72 /* Kingfisher */; };
		7AAFA0C52C6CE3DC00038B72 /* Alamofire in Frameworks */ = {isa = PBXBuildFile; productRef = 7AAFA0C42C6CE3DC00038B72 /* Alamofire */; };
		7AAFA0C72C6CE4B200038B72 /* YemeklerCevap.swift in Sources */ = {isa = PBXBuildFile; fileRef = 7AAFA0C62C6CE4B200038B72 /* YemeklerCevap.swift */; };
		7AAFA0C92C6CF0FD00038B72 /* BungeeTint-Regular.ttf in Resources */ = {isa = PBXBuildFile; fileRef = 7AAFA0C82C6CF0FD00038B72 /* BungeeTint-Regular.ttf */; };
		7AB228302C6F83530008EB22 /* SepetManager.swift in Sources */ = {isa = PBXBuildFile; fileRef = 7AB2282F2C6F83530008EB22 /* SepetManager.swift */; };
		7AD244BB2C6E3B3C00A405F4 /* sepetekleme.json in Resources */ = {isa = PBXBuildFile; fileRef = 7AD244BA2C6E3B3C00A405F4 /* sepetekleme.json */; };
/* End PBXBuildFile section */

/* Begin PBXFileReference section */
		7A12B25B2C6B54C60006CB42 /* yemekApp.app */ = {isa = PBXFileReference; explicitFileType = wrapper.application; includeInIndex = 0; path = yemekApp.app; sourceTree = BUILT_PRODUCTS_DIR; };
		7A12B25E2C6B54C60006CB42 /* AppDelegate.swift */ = {isa = PBXFileReference; lastKnownFileType = sourcecode.swift; path = AppDelegate.swift; sourceTree = "<group>"; };
		7A12B2602C6B54C60006CB42 /* SceneDelegate.swift */ = {isa = PBXFileReference; lastKnownFileType = sourcecode.swift; path = SceneDelegate.swift; sourceTree = "<group>"; };
		7A12B2622C6B54C60006CB42 /* AnasayfaViewController.swift */ = {isa = PBXFileReference; lastKnownFileType = sourcecode.swift; path = AnasayfaViewController.swift; sourceTree = "<group>"; };
		7A12B2652C6B54C60006CB42 /* Base */ = {isa = PBXFileReference; lastKnownFileType = file.storyboard; name = Base; path = Base.lproj/Main.storyboard; sourceTree = "<group>"; };
		7A12B2672C6B54C70006CB42 /* Assets.xcassets */ = {isa = PBXFileReference; lastKnownFileType = folder.assetcatalog; path = Assets.xcassets; sourceTree = "<group>"; };
		7A12B26A2C6B54C70006CB42 /* Base */ = {isa = PBXFileReference; lastKnownFileType = file.storyboard; name = Base; path = Base.lproj/LaunchScreen.storyboard; sourceTree = "<group>"; };
		7A12B26C2C6B54C70006CB42 /* Info.plist */ = {isa = PBXFileReference; lastKnownFileType = text.plist.xml; path = Info.plist; sourceTree = "<group>"; };
		7A12B27B2C6B83C80006CB42 /* food.json */ = {isa = PBXFileReference; fileEncoding = 4; lastKnownFileType = text.json; path = food.json; sourceTree = "<group>"; };
		7A12B27D2C6B9C5F0006CB42 /* DetayViewController.swift */ = {isa = PBXFileReference; lastKnownFileType = sourcecode.swift; path = DetayViewController.swift; sourceTree = "<group>"; };
		7A12B27F2C6B9C870006CB42 /* SepetViewController.swift */ = {isa = PBXFileReference; lastKnownFileType = sourcecode.swift; path = SepetViewController.swift; sourceTree = "<group>"; };
		7A213AFF2C6C9E75009348E9 /* Yemekler.swift */ = {isa = PBXFileReference; lastKnownFileType = sourcecode.swift; path = Yemekler.swift; sourceTree = "<group>"; };
		7A5573462C6E996100DB408F /* SepeteHucre.swift */ = {isa = PBXFileReference; lastKnownFileType = sourcecode.swift; path = SepeteHucre.swift; sourceTree = "<group>"; };
		7A55734C2C6EACAC00DB408F /* kurye.json */ = {isa = PBXFileReference; fileEncoding = 4; lastKnownFileType = text.json; path = kurye.json; sourceTree = "<group>"; };
		7A60D2DC2C6F6F37003C868E /* DetayViewModel.swift */ = {isa = PBXFileReference; lastKnownFileType = sourcecode.swift; path = DetayViewModel.swift; sourceTree = "<group>"; };
		7AAFA09B2C6CA46100038B72 /* YemeklerHucre.swift */ = {isa = PBXFileReference; lastKnownFileType = sourcecode.swift; path = YemeklerHucre.swift; sourceTree = "<group>"; };
		7AAFA0A32C6CD0B000038B72 /* delivery.json */ = {isa = PBXFileReference; fileEncoding = 4; lastKnownFileType = text.json; path = delivery.json; sourceTree = "<group>"; };
		7AAFA0BB2C6CD2E400038B72 /* YemeklerDaoRepository.swift */ = {isa = PBXFileReference; lastKnownFileType = sourcecode.swift; path = YemeklerDaoRepository.swift; sourceTree = "<group>"; };
		7AAFA0BE2C6CD81B00038B72 /* AnasayfaViewModel.swift */ = {isa = PBXFileReference; lastKnownFileType = sourcecode.swift; path = AnasayfaViewModel.swift; sourceTree = "<group>"; };
		7AAFA0C62C6CE4B200038B72 /* YemeklerCevap.swift */ = {isa = PBXFileReference; lastKnownFileType = sourcecode.swift; path = YemeklerCevap.swift; sourceTree = "<group>"; };
		7AAFA0C82C6CF0FD00038B72 /* BungeeTint-Regular.ttf */ = {isa = PBXFileReference; lastKnownFileType = file; path = "BungeeTint-Regular.ttf"; sourceTree = "<group>"; };
		7AB2282F2C6F83530008EB22 /* SepetManager.swift */ = {isa = PBXFileReference; lastKnownFileType = sourcecode.swift; path = SepetManager.swift; sourceTree = "<group>"; };
		7AD244BA2C6E3B3C00A405F4 /* sepetekleme.json */ = {isa = PBXFileReference; fileEncoding = 4; lastKnownFileType = text.json; path = sepetekleme.json; sourceTree = "<group>"; };
/* End PBXFileReference section */

/* Begin PBXFrameworksBuildPhase section */
		7A12B2582C6B54C60006CB42 /* Frameworks */ = {
			isa = PBXFrameworksBuildPhase;
			buildActionMask = 2147483647;
			files = (
				7AAFA0C22C6CDBEB00038B72 /* Kingfisher in Frameworks */,
				7AAFA0C52C6CE3DC00038B72 /* Alamofire in Frameworks */,
				7A12B27A2C6B812A0006CB42 /* Lottie in Frameworks */,
				7AAFA0B32C6CD22A00038B72 /* RxSwift in Frameworks */,
			);
			runOnlyForDeploymentPostprocessing = 0;
		};
/* End PBXFrameworksBuildPhase section */

/* Begin PBXGroup section */
		7A12B2522C6B54C60006CB42 = {
			isa = PBXGroup;
			children = (
				7A12B25D2C6B54C60006CB42 /* yemekApp */,
				7A12B25C2C6B54C60006CB42 /* Products */,
			);
			sourceTree = "<group>";
		};
		7A12B25C2C6B54C60006CB42 /* Products */ = {
			isa = PBXGroup;
			children = (
				7A12B25B2C6B54C60006CB42 /* yemekApp.app */,
			);
			name = Products;
			sourceTree = "<group>";
		};
		7A12B25D2C6B54C60006CB42 /* yemekApp */ = {
			isa = PBXGroup;
			children = (
				7A12B25E2C6B54C60006CB42 /* AppDelegate.swift */,
				7A12B2602C6B54C60006CB42 /* SceneDelegate.swift */,
				7AAFA09D2C6CCBA900038B72 /* ui */,
				7AAFA09F2C6CCBB600038B72 /* data */,
				7A12B2642C6B54C60006CB42 /* Main.storyboard */,
				7A12B2672C6B54C70006CB42 /* Assets.xcassets */,
				7A12B2692C6B54C70006CB42 /* LaunchScreen.storyboard */,
				7A12B26C2C6B54C70006CB42 /* Info.plist */,
				7A12B27B2C6B83C80006CB42 /* food.json */,
				7AAFA0A32C6CD0B000038B72 /* delivery.json */,
				7AD244BA2C6E3B3C00A405F4 /* sepetekleme.json */,
				7A55734C2C6EACAC00DB408F /* kurye.json */,
				7AAFA0C82C6CF0FD00038B72 /* BungeeTint-Regular.ttf */,
			);
			path = yemekApp;
			sourceTree = "<group>";
		};
		7AAFA09D2C6CCBA900038B72 /* ui */ = {
			isa = PBXGroup;
			children = (
				7AAFA0BD2C6CD80200038B72 /* viewmodel */,
				7AAFA0A12C6CCBCD00038B72 /* views */,
				7AAFA0A02C6CCBC300038B72 /* tableview */,
			);
			path = ui;
			sourceTree = "<group>";
		};
		7AAFA09F2C6CCBB600038B72 /* data */ = {
			isa = PBXGroup;
			children = (
				7AAFA0BA2C6CD29300038B72 /* repo */,
				7AAFA0A22C6CCBD800038B72 /* entity */,
			);
			path = data;
			sourceTree = "<group>";
		};
		7AAFA0A02C6CCBC300038B72 /* tableview */ = {
			isa = PBXGroup;
			children = (
				7AAFA09B2C6CA46100038B72 /* YemeklerHucre.swift */,
				7A5573462C6E996100DB408F /* SepeteHucre.swift */,
			);
			path = tableview;
			sourceTree = "<group>";
		};
		7AAFA0A12C6CCBCD00038B72 /* views */ = {
			isa = PBXGroup;
			children = (
				7A12B27F2C6B9C870006CB42 /* SepetViewController.swift */,
				7A12B27D2C6B9C5F0006CB42 /* DetayViewController.swift */,
				7A12B2622C6B54C60006CB42 /* AnasayfaViewController.swift */,
			);
			path = views;
			sourceTree = "<group>";
		};
		7AAFA0A22C6CCBD800038B72 /* entity */ = {
			isa = PBXGroup;
			children = (
				7A213AFF2C6C9E75009348E9 /* Yemekler.swift */,
				7AAFA0C62C6CE4B200038B72 /* YemeklerCevap.swift */,
			);
			path = entity;
			sourceTree = "<group>";
		};
		7AAFA0BA2C6CD29300038B72 /* repo */ = {
			isa = PBXGroup;
			children = (
				7AAFA0BB2C6CD2E400038B72 /* YemeklerDaoRepository.swift */,
			);
			path = repo;
			sourceTree = "<group>";
		};
		7AAFA0BD2C6CD80200038B72 /* viewmodel */ = {
			isa = PBXGroup;
			children = (
				7AB2282F2C6F83530008EB22 /* SepetManager.swift */,
				7AAFA0BE2C6CD81B00038B72 /* AnasayfaViewModel.swift */,
				7A60D2DC2C6F6F37003C868E /* DetayViewModel.swift */,
			);
			path = viewmodel;
			sourceTree = "<group>";
		};
/* End PBXGroup section */

/* Begin PBXNativeTarget section */
		7A12B25A2C6B54C60006CB42 /* yemekApp */ = {
			isa = PBXNativeTarget;
			buildConfigurationList = 7A12B26F2C6B54C70006CB42 /* Build configuration list for PBXNativeTarget "yemekApp" */;
			buildPhases = (
				7A12B2572C6B54C60006CB42 /* Sources */,
				7A12B2582C6B54C60006CB42 /* Frameworks */,
				7A12B2592C6B54C60006CB42 /* Resources */,
			);
			buildRules = (
			);
			dependencies = (
			);
			name = yemekApp;
			packageProductDependencies = (
				7A12B2792C6B812A0006CB42 /* Lottie */,
				7AAFA0B22C6CD22A00038B72 /* RxSwift */,
				7AAFA0C12C6CDBEB00038B72 /* Kingfisher */,
				7AAFA0C42C6CE3DC00038B72 /* Alamofire */,
			);
			productName = yemekApp;
			productReference = 7A12B25B2C6B54C60006CB42 /* yemekApp.app */;
			productType = "com.apple.product-type.application";
		};
/* End PBXNativeTarget section */

/* Begin PBXProject section */
		7A12B2532C6B54C60006CB42 /* Project object */ = {
			isa = PBXProject;
			attributes = {
				BuildIndependentTargetsInParallel = 1;
				LastSwiftUpdateCheck = 1500;
				LastUpgradeCheck = 1500;
				TargetAttributes = {
					7A12B25A2C6B54C60006CB42 = {
						CreatedOnToolsVersion = 15.0;
					};
				};
			};
			buildConfigurationList = 7A12B2562C6B54C60006CB42 /* Build configuration list for PBXProject "yemekApp" */;
			compatibilityVersion = "Xcode 14.0";
			developmentRegion = en;
			hasScannedForEncodings = 0;
			knownRegions = (
				en,
				Base,
			);
			mainGroup = 7A12B2522C6B54C60006CB42;
			packageReferences = (
				7A12B2782C6B812A0006CB42 /* XCRemoteSwiftPackageReference "lottie-ios" */,
				7AAFA0A52C6CD22900038B72 /* XCRemoteSwiftPackageReference "RxSwift" */,
				7AAFA0C02C6CDBEB00038B72 /* XCRemoteSwiftPackageReference "Kingfisher" */,
				7AAFA0C32C6CE3DC00038B72 /* XCRemoteSwiftPackageReference "Alamofire" */,
			);
			productRefGroup = 7A12B25C2C6B54C60006CB42 /* Products */;
			projectDirPath = "";
			projectRoot = "";
			targets = (
				7A12B25A2C6B54C60006CB42 /* yemekApp */,
			);
		};
/* End PBXProject section */

/* Begin PBXResourcesBuildPhase section */
		7A12B2592C6B54C60006CB42 /* Resources */ = {
			isa = PBXResourcesBuildPhase;
			buildActionMask = 2147483647;
			files = (
				7AAFA0A42C6CD0B000038B72 /* delivery.json in Resources */,
				7A12B27C2C6B83C80006CB42 /* food.json in Resources */,
				7AAFA0C92C6CF0FD00038B72 /* BungeeTint-Regular.ttf in Resources */,
				7AD244BB2C6E3B3C00A405F4 /* sepetekleme.json in Resources */,
				7A12B26B2C6B54C70006CB42 /* LaunchScreen.storyboard in Resources */,
				7A12B2682C6B54C70006CB42 /* Assets.xcassets in Resources */,
				7A12B2662C6B54C60006CB42 /* Main.storyboard in Resources */,
				7A55734D2C6EACAC00DB408F /* kurye.json in Resources */,
			);
			runOnlyForDeploymentPostprocessing = 0;
		};
/* End PBXResourcesBuildPhase section */

/* Begin PBXSourcesBuildPhase section */
		7A12B2572C6B54C60006CB42 /* Sources */ = {
			isa = PBXSourcesBuildPhase;
			buildActionMask = 2147483647;
			files = (
				7A12B2632C6B54C60006CB42 /* AnasayfaViewController.swift in Sources */,
				7A12B25F2C6B54C60006CB42 /* AppDelegate.swift in Sources */,
				7A12B2802C6B9C870006CB42 /* SepetViewController.swift in Sources */,
				7AAFA09C2C6CA46100038B72 /* YemeklerHucre.swift in Sources */,
				7A213B002C6C9E75009348E9 /* Yemekler.swift in Sources */,
				7A5573472C6E996100DB408F /* SepeteHucre.swift in Sources */,
				7AB228302C6F83530008EB22 /* SepetManager.swift in Sources */,
				7AAFA0BC2C6CD2E400038B72 /* YemeklerDaoRepository.swift in Sources */,
				7AAFA0BF2C6CD81B00038B72 /* AnasayfaViewModel.swift in Sources */,
				7A60D2DD2C6F6F37003C868E /* DetayViewModel.swift in Sources */,
				7A12B27E2C6B9C5F0006CB42 /* DetayViewController.swift in Sources */,
				7A12B2612C6B54C60006CB42 /* SceneDelegate.swift in Sources */,
				7AAFA0C72C6CE4B200038B72 /* YemeklerCevap.swift in Sources */,
			);
			runOnlyForDeploymentPostprocessing = 0;
		};
/* End PBXSourcesBuildPhase section */

/* Begin PBXVariantGroup section */
		7A12B2642C6B54C60006CB42 /* Main.storyboard */ = {
			isa = PBXVariantGroup;
			children = (
				7A12B2652C6B54C60006CB42 /* Base */,
			);
			name = Main.storyboard;
			sourceTree = "<group>";
		};
		7A12B2692C6B54C70006CB42 /* LaunchScreen.storyboard */ = {
			isa = PBXVariantGroup;
			children = (
				7A12B26A2C6B54C70006CB42 /* Base */,
			);
			name = LaunchScreen.storyboard;
			sourceTree = "<group>";
		};
/* End PBXVariantGroup section */

/* Begin XCBuildConfiguration section */
		7A12B26D2C6B54C70006CB42 /* Debug */ = {
			isa = XCBuildConfiguration;
			buildSettings = {
				ALWAYS_SEARCH_USER_PATHS = NO;
				ASSETCATALOG_COMPILER_GENERATE_SWIFT_ASSET_SYMBOL_EXTENSIONS = YES;
				CLANG_ANALYZER_NONNULL = YES;
				CLANG_ANALYZER_NUMBER_OBJECT_CONVERSION = YES_AGGRESSIVE;
				CLANG_CXX_LANGUAGE_STANDARD = "gnu++20";
				CLANG_ENABLE_MODULES = YES;
				CLANG_ENABLE_OBJC_ARC = YES;
				CLANG_ENABLE_OBJC_WEAK = YES;
				CLANG_WARN_BLOCK_CAPTURE_AUTORELEASING = YES;
				CLANG_WARN_BOOL_CONVERSION = YES;
				CLANG_WARN_COMMA = YES;
				CLANG_WARN_CONSTANT_CONVERSION = YES;
				CLANG_WARN_DEPRECATED_OBJC_IMPLEMENTATIONS = YES;
				CLANG_WARN_DIRECT_OBJC_ISA_USAGE = YES_ERROR;
				CLANG_WARN_DOCUMENTATION_COMMENTS = YES;
				CLANG_WARN_EMPTY_BODY = YES;
				CLANG_WARN_ENUM_CONVERSION = YES;
				CLANG_WARN_INFINITE_RECURSION = YES;
				CLANG_WARN_INT_CONVERSION = YES;
				CLANG_WARN_NON_LITERAL_NULL_CONVERSION = YES;
				CLANG_WARN_OBJC_IMPLICIT_RETAIN_SELF = YES;
				CLANG_WARN_OBJC_LITERAL_CONVERSION = YES;
				CLANG_WARN_OBJC_ROOT_CLASS = YES_ERROR;
				CLANG_WARN_QUOTED_INCLUDE_IN_FRAMEWORK_HEADER = YES;
				CLANG_WARN_RANGE_LOOP_ANALYSIS = YES;
				CLANG_WARN_STRICT_PROTOTYPES = YES;
				CLANG_WARN_SUSPICIOUS_MOVE = YES;
				CLANG_WARN_UNGUARDED_AVAILABILITY = YES_AGGRESSIVE;
				CLANG_WARN_UNREACHABLE_CODE = YES;
				CLANG_WARN__DUPLICATE_METHOD_MATCH = YES;
				COPY_PHASE_STRIP = NO;
				DEBUG_INFORMATION_FORMAT = dwarf;
				ENABLE_STRICT_OBJC_MSGSEND = YES;
				ENABLE_TESTABILITY = YES;
				ENABLE_USER_SCRIPT_SANDBOXING = YES;
				GCC_C_LANGUAGE_STANDARD = gnu17;
				GCC_DYNAMIC_NO_PIC = NO;
				GCC_NO_COMMON_BLOCKS = YES;
				GCC_OPTIMIZATION_LEVEL = 0;
				GCC_PREPROCESSOR_DEFINITIONS = (
					"DEBUG=1",
					"$(inherited)",
				);
				GCC_WARN_64_TO_32_BIT_CONVERSION = YES;
				GCC_WARN_ABOUT_RETURN_TYPE = YES_ERROR;
				GCC_WARN_UNDECLARED_SELECTOR = YES;
				GCC_WARN_UNINITIALIZED_AUTOS = YES_AGGRESSIVE;
				GCC_WARN_UNUSED_FUNCTION = YES;
				GCC_WARN_UNUSED_VARIABLE = YES;
				IPHONEOS_DEPLOYMENT_TARGET = 17.0;
				LOCALIZATION_PREFERS_STRING_CATALOGS = YES;
				MTL_ENABLE_DEBUG_INFO = INCLUDE_SOURCE;
				MTL_FAST_MATH = YES;
				ONLY_ACTIVE_ARCH = YES;
				SDKROOT = iphoneos;
				SWIFT_ACTIVE_COMPILATION_CONDITIONS = "DEBUG $(inherited)";
				SWIFT_OPTIMIZATION_LEVEL = "-Onone";
			};
			name = Debug;
		};
		7A12B26E2C6B54C70006CB42 /* Release */ = {
			isa = XCBuildConfiguration;
			buildSettings = {
				ALWAYS_SEARCH_USER_PATHS = NO;
				ASSETCATALOG_COMPILER_GENERATE_SWIFT_ASSET_SYMBOL_EXTENSIONS = YES;
				CLANG_ANALYZER_NONNULL = YES;
				CLANG_ANALYZER_NUMBER_OBJECT_CONVERSION = YES_AGGRESSIVE;
				CLANG_CXX_LANGUAGE_STANDARD = "gnu++20";
				CLANG_ENABLE_MODULES = YES;
				CLANG_ENABLE_OBJC_ARC = YES;
				CLANG_ENABLE_OBJC_WEAK = YES;
				CLANG_WARN_BLOCK_CAPTURE_AUTORELEASING = YES;
				CLANG_WARN_BOOL_CONVERSION = YES;
				CLANG_WARN_COMMA = YES;
				CLANG_WARN_CONSTANT_CONVERSION = YES;
				CLANG_WARN_DEPRECATED_OBJC_IMPLEMENTATIONS = YES;
				CLANG_WARN_DIRECT_OBJC_ISA_USAGE = YES_ERROR;
				CLANG_WARN_DOCUMENTATION_COMMENTS = YES;
				CLANG_WARN_EMPTY_BODY = YES;
				CLANG_WARN_ENUM_CONVERSION = YES;
				CLANG_WARN_INFINITE_RECURSION = YES;
				CLANG_WARN_INT_CONVERSION = YES;
				CLANG_WARN_NON_LITERAL_NULL_CONVERSION = YES;
				CLANG_WARN_OBJC_IMPLICIT_RETAIN_SELF = YES;
				CLANG_WARN_OBJC_LITERAL_CONVERSION = YES;
				CLANG_WARN_OBJC_ROOT_CLASS = YES_ERROR;
				CLANG_WARN_QUOTED_INCLUDE_IN_FRAMEWORK_HEADER = YES;
				CLANG_WARN_RANGE_LOOP_ANALYSIS = YES;
				CLANG_WARN_STRICT_PROTOTYPES = YES;
				CLANG_WARN_SUSPICIOUS_MOVE = YES;
				CLANG_WARN_UNGUARDED_AVAILABILITY = YES_AGGRESSIVE;
				CLANG_WARN_UNREACHABLE_CODE = YES;
				CLANG_WARN__DUPLICATE_METHOD_MATCH = YES;
				COPY_PHASE_STRIP = NO;
				DEBUG_INFORMATION_FORMAT = "dwarf-with-dsym";
				ENABLE_NS_ASSERTIONS = NO;
				ENABLE_STRICT_OBJC_MSGSEND = YES;
				ENABLE_USER_SCRIPT_SANDBOXING = YES;
				GCC_C_LANGUAGE_STANDARD = gnu17;
				GCC_NO_COMMON_BLOCKS = YES;
				GCC_WARN_64_TO_32_BIT_CONVERSION = YES;
				GCC_WARN_ABOUT_RETURN_TYPE = YES_ERROR;
				GCC_WARN_UNDECLARED_SELECTOR = YES;
				GCC_WARN_UNINITIALIZED_AUTOS = YES_AGGRESSIVE;
				GCC_WARN_UNUSED_FUNCTION = YES;
				GCC_WARN_UNUSED_VARIABLE = YES;
				IPHONEOS_DEPLOYMENT_TARGET = 17.0;
				LOCALIZATION_PREFERS_STRING_CATALOGS = YES;
				MTL_ENABLE_DEBUG_INFO = NO;
				MTL_FAST_MATH = YES;
				SDKROOT = iphoneos;
				SWIFT_COMPILATION_MODE = wholemodule;
				VALIDATE_PRODUCT = YES;
			};
			name = Release;
		};
		7A12B2702C6B54C70006CB42 /* Debug */ = {
			isa = XCBuildConfiguration;
			buildSettings = {
				ASSETCATALOG_COMPILER_APPICON_NAME = AppIcon;
				ASSETCATALOG_COMPILER_GLOBAL_ACCENT_COLOR_NAME = AccentColor;
				CODE_SIGN_STYLE = Automatic;
				CURRENT_PROJECT_VERSION = 1;
				GENERATE_INFOPLIST_FILE = YES;
				INFOPLIST_FILE = yemekApp/Info.plist;
				INFOPLIST_KEY_UIApplicationSupportsIndirectInputEvents = YES;
				INFOPLIST_KEY_UILaunchStoryboardName = LaunchScreen;
				INFOPLIST_KEY_UIMainStoryboardFile = Main;
				INFOPLIST_KEY_UISupportedInterfaceOrientations_iPad = "UIInterfaceOrientationPortrait UIInterfaceOrientationPortraitUpsideDown UIInterfaceOrientationLandscapeLeft UIInterfaceOrientationLandscapeRight";
				INFOPLIST_KEY_UISupportedInterfaceOrientations_iPhone = "UIInterfaceOrientationPortrait UIInterfaceOrientationLandscapeLeft UIInterfaceOrientationLandscapeRight";
				LD_RUNPATH_SEARCH_PATHS = (
					"$(inherited)",
					"@executable_path/Frameworks",
				);
				MARKETING_VERSION = 1.0;
				PRODUCT_BUNDLE_IDENTIFIER = com.cetin.yemekApp;
				PRODUCT_NAME = "$(TARGET_NAME)";
				SWIFT_EMIT_LOC_STRINGS = YES;
				SWIFT_VERSION = 5.0;
				TARGETED_DEVICE_FAMILY = "1,2";
			};
			name = Debug;
		};
		7A12B2712C6B54C70006CB42 /* Release */ = {
			isa = XCBuildConfiguration;
			buildSettings = {
				ASSETCATALOG_COMPILER_APPICON_NAME = AppIcon;
				ASSETCATALOG_COMPILER_GLOBAL_ACCENT_COLOR_NAME = AccentColor;
				CODE_SIGN_STYLE = Automatic;
				CURRENT_PROJECT_VERSION = 1;
				GENERATE_INFOPLIST_FILE = YES;
				INFOPLIST_FILE = yemekApp/Info.plist;
				INFOPLIST_KEY_UIApplicationSupportsIndirectInputEvents = YES;
				INFOPLIST_KEY_UILaunchStoryboardName = LaunchScreen;
				INFOPLIST_KEY_UIMainStoryboardFile = Main;
				INFOPLIST_KEY_UISupportedInterfaceOrientations_iPad = "UIInterfaceOrientationPortrait UIInterfaceOrientationPortraitUpsideDown UIInterfaceOrientationLandscapeLeft UIInterfaceOrientationLandscapeRight";
				INFOPLIST_KEY_UISupportedInterfaceOrientations_iPhone = "UIInterfaceOrientationPortrait UIInterfaceOrientationLandscapeLeft UIInterfaceOrientationLandscapeRight";
				LD_RUNPATH_SEARCH_PATHS = (
					"$(inherited)",
					"@executable_path/Frameworks",
				);
				MARKETING_VERSION = 1.0;
				PRODUCT_BUNDLE_IDENTIFIER = com.cetin.yemekApp;
				PRODUCT_NAME = "$(TARGET_NAME)";
				SWIFT_EMIT_LOC_STRINGS = YES;
				SWIFT_VERSION = 5.0;
				TARGETED_DEVICE_FAMILY = "1,2";
			};
			name = Release;
		};
/* End XCBuildConfiguration section */

/* Begin XCConfigurationList section */
		7A12B2562C6B54C60006CB42 /* Build configuration list for PBXProject "yemekApp" */ = {
			isa = XCConfigurationList;
			buildConfigurations = (
				7A12B26D2C6B54C70006CB42 /* Debug */,
				7A12B26E2C6B54C70006CB42 /* Release */,
			);
			defaultConfigurationIsVisible = 0;
			defaultConfigurationName = Release;
		};
		7A12B26F2C6B54C70006CB42 /* Build configuration list for PBXNativeTarget "yemekApp" */ = {
			isa = XCConfigurationList;
			buildConfigurations = (
				7A12B2702C6B54C70006CB42 /* Debug */,
				7A12B2712C6B54C70006CB42 /* Release */,
			);
			defaultConfigurationIsVisible = 0;
			defaultConfigurationName = Release;
		};
/* End XCConfigurationList section */

/* Begin XCRemoteSwiftPackageReference section */
		7A12B2782C6B812A0006CB42 /* XCRemoteSwiftPackageReference "lottie-ios" */ = {
			isa = XCRemoteSwiftPackageReference;
			repositoryURL = "https://github.com/airbnb/lottie-ios.git";
			requirement = {
				kind = upToNextMajorVersion;
				minimumVersion = 4.5.0;
			};
		};
		7AAFA0A52C6CD22900038B72 /* XCRemoteSwiftPackageReference "RxSwift" */ = {
			isa = XCRemoteSwiftPackageReference;
			repositoryURL = "https://github.com/ReactiveX/RxSwift.git";
			requirement = {
				kind = upToNextMajorVersion;
				minimumVersion = 6.7.1;
			};
		};
		7AAFA0C02C6CDBEB00038B72 /* XCRemoteSwiftPackageReference "Kingfisher" */ = {
			isa = XCRemoteSwiftPackageReference;
			repositoryURL = "http://github.com/onevcat/Kingfisher.git";
			requirement = {
				kind = upToNextMajorVersion;
				minimumVersion = 7.12.0;
			};
		};
		7AAFA0C32C6CE3DC00038B72 /* XCRemoteSwiftPackageReference "Alamofire" */ = {
			isa = XCRemoteSwiftPackageReference;
			repositoryURL = "http://github.com/Alamofire/Alamofire.git";
			requirement = {
				kind = upToNextMajorVersion;
				minimumVersion = 5.9.1;
			};
		};
/* End XCRemoteSwiftPackageReference section */

/* Begin XCSwiftPackageProductDependency section */
		7A12B2792C6B812A0006CB42 /* Lottie */ = {
			isa = XCSwiftPackageProductDependency;
			package = 7A12B2782C6B812A0006CB42 /* XCRemoteSwiftPackageReference "lottie-ios" */;
			productName = Lottie;
		};
		7AAFA0B22C6CD22A00038B72 /* RxSwift */ = {
			isa = XCSwiftPackageProductDependency;
			package = 7AAFA0A52C6CD22900038B72 /* XCRemoteSwiftPackageReference "RxSwift" */;
			productName = RxSwift;
		};
		7AAFA0C12C6CDBEB00038B72 /* Kingfisher */ = {
			isa = XCSwiftPackageProductDependency;
			package = 7AAFA0C02C6CDBEB00038B72 /* XCRemoteSwiftPackageReference "Kingfisher" */;
			productName = Kingfisher;
		};
		7AAFA0C42C6CE3DC00038B72 /* Alamofire */ = {
			isa = XCSwiftPackageProductDependency;
			package = 7AAFA0C32C6CE3DC00038B72 /* XCRemoteSwiftPackageReference "Alamofire" */;
			productName = Alamofire;
		};
/* End XCSwiftPackageProductDependency section */
	};
	rootObject = 7A12B2532C6B54C60006CB42 /* Project object */;
}
